{
  "requires": true,
  "lockfileVersion": 1,
  "dependencies": {
    "bxslider": {
      "version": "4.2.13",
      "resolved": "https://registry.npmjs.org/bxslider/-/bxslider-4.2.13.tgz",
      "integrity": "sha512-T0xMeVQ42R/Nmd/RApabMtrnOyLS2Ey23n5EA8N6HTrGHuycVUdMasDa5iLmFsolS4PGMxInphV873jhcBHZng=="
    },
    "scrollreveal": {
      "version": "3.3.6",
      "resolved": "https://registry.npmjs.org/scrollreveal/-/scrollreveal-3.3.6.tgz",
      "integrity": "sha512-5HiAtVqwffX18w/kqXkD+S54A0MoE4xLAwQcszEYGuy+EsRUoHsw1BhFpxGCcbTXIy5HMtj/qmLDbpQ+J3llig=="
    }
  }
}
