{
  "requires": true,
  "lockfileVersion": 1,
  "dependencies": {
    "animate.css": {
      "version": "3.5.2",
      "resolved": "https://registry.npmjs.org/animate.css/-/animate.css-3.5.2.tgz",
      "integrity": "sha1-keZo3AaagI5eSZUUhnuXquAWbDY="
    },
    "scrollreveal": {
      "version": "3.3.6",
      "resolved": "https://registry.npmjs.org/scrollreveal/-/scrollreveal-3.3.6.tgz",
      "integrity": "sha512-5HiAtVqwffX18w/kqXkD+S54A0MoE4xLAwQcszEYGuy+EsRUoHsw1BhFpxGCcbTXIy5HMtj/qmLDbpQ+J3llig=="
    }
  }
}
